// !$*UTF8*$!
{
	archiveVersion = 1;
	classes = {
	};
	objectVersion = 46;
	objects = {

/* Begin PBXBuildFile section */
		373878921C81520F00616A48 /* gtest.framework in Frameworks */ = {isa = PBXBuildFile; fileRef = 373878911C81520F00616A48 /* gtest.framework */; };
		373878A11C816D9700616A48 /* main.cpp in Sources */ = {isa = PBXBuildFile; fileRef = 373878A01C816D9700616A48 /* main.cpp */; settings = {ASSET_TAGS = (); }; };
		373878AB1C81701000616A48 /* Node.cpp in Sources */ = {isa = PBXBuildFile; fileRef = 373878AA1C81701000616A48 /* Node.cpp */; settings = {ASSET_TAGS = (); }; };
		373878AF1C84A29E00616A48 /* LinkedList.cpp in Sources */ = {isa = PBXBuildFile; fileRef = 373878AE1C84A29E00616A48 /* LinkedList.cpp */; settings = {ASSET_TAGS = (); }; };
		373878B31C85107900616A48 /* LinkedList.cpp in Sources */ = {isa = PBXBuildFile; fileRef = 373878B21C85107900616A48 /* LinkedList.cpp */; settings = {ASSET_TAGS = (); }; };
		37EE87C21C80E60400DD23E1 /* main.cpp in Sources */ = {isa = PBXBuildFile; fileRef = 37EE87C11C80E60400DD23E1 /* main.cpp */; };
		37EE87D11C80ED6D00DD23E1 /* Node.cpp in Sources */ = {isa = PBXBuildFile; fileRef = 37EE87D01C80ED6D00DD23E1 /* Node.cpp */; settings = {ASSET_TAGS = (); }; };
		37F116111C8895F5004AB664 /* Stack.cpp in Sources */ = {isa = PBXBuildFile; fileRef = 37F1160F1C8895F5004AB664 /* Stack.cpp */; settings = {ASSET_TAGS = (); }; };
/* End PBXBuildFile section */

/* Begin PBXCopyFilesBuildPhase section */
		373878881C81519900616A48 /* CopyFiles */ = {
			isa = PBXCopyFilesBuildPhase;
			buildActionMask = 2147483647;
			dstPath = /usr/share/man/man1/;
			dstSubfolderSpec = 0;
			files = (
			);
			runOnlyForDeploymentPostprocessing = 1;
		};
		37EE87BC1C80E60300DD23E1 /* CopyFiles */ = {
			isa = PBXCopyFilesBuildPhase;
			buildActionMask = 2147483647;
			dstPath = /usr/share/man/man1/;
			dstSubfolderSpec = 0;
			files = (
			);
			runOnlyForDeploymentPostprocessing = 1;
		};
/* End PBXCopyFilesBuildPhase section */

/* Begin PBXFileReference section */
		3738788A1C81519900616A48 /* Tests */ = {isa = PBXFileReference; explicitFileType = "compiled.mach-o.executable"; includeInIndex = 0; path = Tests; sourceTree = BUILT_PRODUCTS_DIR; };
		373878911C81520F00616A48 /* gtest.framework */ = {isa = PBXFileReference; lastKnownFileType = wrapper.framework; name = gtest.framework; path = ../../gtest.framework; sourceTree = "<group>"; };
		373878A01C816D9700616A48 /* main.cpp */ = {isa = PBXFileReference; fileEncoding = 4; lastKnownFileType = sourcecode.cpp.cpp; path = main.cpp; sourceTree = "<group>"; };
		373878A91C81701000616A48 /* Node.h */ = {isa = PBXFileReference; fileEncoding = 4; lastKnownFileType = sourcecode.c.h; path = Node.h; sourceTree = "<group>"; };
		373878AA1C81701000616A48 /* Node.cpp */ = {isa = PBXFileReference; fileEncoding = 4; lastKnownFileType = sourcecode.cpp.cpp; path = Node.cpp; sourceTree = "<group>"; };
		373878AE1C84A29E00616A48 /* LinkedList.cpp */ = {isa = PBXFileReference; fileEncoding = 4; lastKnownFileType = sourcecode.cpp.cpp; path = LinkedList.cpp; sourceTree = "<group>"; };
		373878B01C84A2B500616A48 /* LinkedList.h */ = {isa = PBXFileReference; fileEncoding = 4; lastKnownFileType = sourcecode.c.h; path = LinkedList.h; sourceTree = "<group>"; };
		373878B11C85107900616A48 /* LinkedList.h */ = {isa = PBXFileReference; fileEncoding = 4; lastKnownFileType = sourcecode.c.h; path = LinkedList.h; sourceTree = "<group>"; };
		373878B21C85107900616A48 /* LinkedList.cpp */ = {isa = PBXFileReference; fileEncoding = 4; lastKnownFileType = sourcecode.cpp.cpp; path = LinkedList.cpp; sourceTree = "<group>"; };
		37EE87BE1C80E60400DD23E1 /* DSPrac */ = {isa = PBXFileReference; explicitFileType = "compiled.mach-o.executable"; includeInIndex = 0; path = DSPrac; sourceTree = BUILT_PRODUCTS_DIR; };
		37EE87C11C80E60400DD23E1 /* main.cpp */ = {isa = PBXFileReference; lastKnownFileType = sourcecode.cpp.cpp; path = main.cpp; sourceTree = "<group>"; };
		37EE87CD1C80E75800DD23E1 /* Node.h */ = {isa = PBXFileReference; fileEncoding = 4; lastKnownFileType = sourcecode.c.h; path = Node.h; sourceTree = "<group>"; };
		37EE87D01C80ED6D00DD23E1 /* Node.cpp */ = {isa = PBXFileReference; fileEncoding = 4; lastKnownFileType = sourcecode.cpp.cpp; path = Node.cpp; sourceTree = "<group>"; };
		37F1160F1C8895F5004AB664 /* Stack.cpp */ = {isa = PBXFileReference; fileEncoding = 4; lastKnownFileType = sourcecode.cpp.cpp; path = Stack.cpp; sourceTree = "<group>"; };
		37F116121C889615004AB664 /* Stack.h */ = {isa = PBXFileReference; fileEncoding = 4; lastKnownFileType = sourcecode.c.h; path = Stack.h; sourceTree = "<group>"; };
/* End PBXFileReference section */

/* Begin PBXFrameworksBuildPhase section */
		373878871C81519900616A48 /* Frameworks */ = {
			isa = PBXFrameworksBuildPhase;
			buildActionMask = 2147483647;
			files = (
				373878921C81520F00616A48 /* gtest.framework in Frameworks */,
			);
			runOnlyForDeploymentPostprocessing = 0;
		};
		37EE87BB1C80E60300DD23E1 /* Frameworks */ = {
			isa = PBXFrameworksBuildPhase;
			buildActionMask = 2147483647;
			files = (
			);
			runOnlyForDeploymentPostprocessing = 0;
		};
/* End PBXFrameworksBuildPhase section */

/* Begin PBXGroup section */
		3738788B1C81519900616A48 /* Tests */ = {
			isa = PBXGroup;
			children = (
				373878B11C85107900616A48 /* LinkedList.h */,
				373878B21C85107900616A48 /* LinkedList.cpp */,
				373878A91C81701000616A48 /* Node.h */,
				373878AA1C81701000616A48 /* Node.cpp */,
				373878A01C816D9700616A48 /* main.cpp */,
				37F1160F1C8895F5004AB664 /* Stack.cpp */,
				37F116121C889615004AB664 /* Stack.h */,
			);
			path = Tests;
			sourceTree = "<group>";
		};
		37EE87B51C80E60300DD23E1 = {
			isa = PBXGroup;
			children = (
				373878911C81520F00616A48 /* gtest.framework */,
				37EE87C01C80E60400DD23E1 /* DSPrac */,
				3738788B1C81519900616A48 /* Tests */,
				37EE87BF1C80E60400DD23E1 /* Products */,
			);
			sourceTree = "<group>";
		};
		37EE87BF1C80E60400DD23E1 /* Products */ = {
			isa = PBXGroup;
			children = (
				37EE87BE1C80E60400DD23E1 /* DSPrac */,
				3738788A1C81519900616A48 /* Tests */,
			);
			name = Products;
			sourceTree = "<group>";
		};
		37EE87C01C80E60400DD23E1 /* DSPrac */ = {
			isa = PBXGroup;
			children = (
				37EE87C91C80E63500DD23E1 /* Sources */,
				37EE87C81C80E61A00DD23E1 /* Headers */,
				37EE87C11C80E60400DD23E1 /* main.cpp */,
			);
			path = DSPrac;
			sourceTree = "<group>";
		};
		37EE87C81C80E61A00DD23E1 /* Headers */ = {
			isa = PBXGroup;
			children = (
				37EE87CD1C80E75800DD23E1 /* Node.h */,
				373878B01C84A2B500616A48 /* LinkedList.h */,
			);
			name = Headers;
			sourceTree = "<group>";
		};
		37EE87C91C80E63500DD23E1 /* Sources */ = {
			isa = PBXGroup;
			children = (
				37EE87D01C80ED6D00DD23E1 /* Node.cpp */,
				373878AE1C84A29E00616A48 /* LinkedList.cpp */,
			);
			name = Sources;
			sourceTree = "<group>";
		};
/* End PBXGroup section */

/* Begin PBXNativeTarget section */
		373878891C81519900616A48 /* Tests */ = {
			isa = PBXNativeTarget;
			buildConfigurationList = 3738788E1C81519900616A48 /* Build configuration list for PBXNativeTarget "Tests" */;
			buildPhases = (
				373878861C81519900616A48 /* Sources */,
				373878871C81519900616A48 /* Frameworks */,
				373878881C81519900616A48 /* CopyFiles */,
			);
			buildRules = (
			);
			dependencies = (
			);
			name = Tests;
			productName = Tests;
			productReference = 3738788A1C81519900616A48 /* Tests */;
			productType = "com.apple.product-type.tool";
		};
		37EE87BD1C80E60300DD23E1 /* DSPrac */ = {
			isa = PBXNativeTarget;
			buildConfigurationList = 37EE87C51C80E60400DD23E1 /* Build configuration list for PBXNativeTarget "DSPrac" */;
			buildPhases = (
				37EE87BA1C80E60300DD23E1 /* Sources */,
				37EE87BB1C80E60300DD23E1 /* Frameworks */,
				37EE87BC1C80E60300DD23E1 /* CopyFiles */,
			);
			buildRules = (
			);
			dependencies = (
			);
			name = DSPrac;
			productName = DSPrac;
			productReference = 37EE87BE1C80E60400DD23E1 /* DSPrac */;
			productType = "com.apple.product-type.tool";
		};
/* End PBXNativeTarget section */

/* Begin PBXProject section */
		37EE87B61C80E60300DD23E1 /* Project object */ = {
			isa = PBXProject;
			attributes = {
				LastUpgradeCheck = 0700;
				ORGANIZATIONNAME = "John Tungul";
				TargetAttributes = {
					373878891C81519900616A48 = {
						CreatedOnToolsVersion = 7.0.1;
					};
					37EE87BD1C80E60300DD23E1 = {
						CreatedOnToolsVersion = 7.0.1;
					};
				};
			};
			buildConfigurationList = 37EE87B91C80E60300DD23E1 /* Build configuration list for PBXProject "DSPrac" */;
			compatibilityVersion = "Xcode 3.2";
			developmentRegion = English;
			hasScannedForEncodings = 0;
			knownRegions = (
				en,
			);
			mainGroup = 37EE87B51C80E60300DD23E1;
			productRefGroup = 37EE87BF1C80E60400DD23E1 /* Products */;
			projectDirPath = "";
			projectRoot = "";
			targets = (
				37EE87BD1C80E60300DD23E1 /* DSPrac */,
				373878891C81519900616A48 /* Tests */,
			);
		};
/* End PBXProject section */

/* Begin PBXSourcesBuildPhase section */
		373878861C81519900616A48 /* Sources */ = {
			isa = PBXSourcesBuildPhase;
			buildActionMask = 2147483647;
			files = (
				37F116111C8895F5004AB664 /* Stack.cpp in Sources */,
				373878AB1C81701000616A48 /* Node.cpp in Sources */,
				373878B31C85107900616A48 /* LinkedList.cpp in Sources */,
				373878A11C816D9700616A48 /* main.cpp in Sources */,
			);
			runOnlyForDeploymentPostprocessing = 0;
		};
		37EE87BA1C80E60300DD23E1 /* Sources */ = {
			isa = PBXSourcesBuildPhase;
			buildActionMask = 2147483647;
			files = (
				37EE87C21C80E60400DD23E1 /* main.cpp in Sources */,
				373878AF1C84A29E00616A48 /* LinkedList.cpp in Sources */,
				37EE87D11C80ED6D00DD23E1 /* Node.cpp in Sources */,
			);
			runOnlyForDeploymentPostprocessing = 0;
		};
/* End PBXSourcesBuildPhase section */

/* Begin XCBuildConfiguration section */
		3738788F1C81519900616A48 /* Debug */ = {
			isa = XCBuildConfiguration;
			buildSettings = {
				FRAMEWORK_SEARCH_PATHS = /Users/jtungul/Desktop;
				HEADER_SEARCH_PATHS = (
					/Users/jtungul/Desktop/googletest/include/gtest/internal,
					/Users/jtungul/Desktop,
				);
				LIBRARY_SEARCH_PATHS = /usr/local/lib;
				PRODUCT_NAME = "$(TARGET_NAME)";
				USER_HEADER_SEARCH_PATHS = /Users/jtungul/Desktop/googletest/include;
			};
			name = Debug;
		};
		373878901C81519900616A48 /* Release */ = {
			isa = XCBuildConfiguration;
			buildSettings = {
				FRAMEWORK_SEARCH_PATHS = /Users/jtungul/Desktop;
				HEADER_SEARCH_PATHS = (
					/Users/jtungul/Desktop/googletest/include/gtest/internal,
					/Users/jtungul/Desktop,
				);
				LIBRARY_SEARCH_PATHS = /usr/local/lib;
				PRODUCT_NAME = "$(TARGET_NAME)";
				USER_HEADER_SEARCH_PATHS = /Users/jtungul/Desktop/googletest/include;
			};
			name = Release;
		};
		37EE87C31C80E60400DD23E1 /* Debug */ = {
			isa = XCBuildConfiguration;
			buildSettings = {
				ALWAYS_SEARCH_USER_PATHS = NO;
				CLANG_CXX_LANGUAGE_STANDARD = "gnu++0x";
				CLANG_CXX_LIBRARY = "libc++";
				CLANG_ENABLE_MODULES = YES;
				CLANG_ENABLE_OBJC_ARC = YES;
				CLANG_WARN_BOOL_CONVERSION = YES;
				CLANG_WARN_CONSTANT_CONVERSION = YES;
				CLANG_WARN_DIRECT_OBJC_ISA_USAGE = YES_ERROR;
				CLANG_WARN_EMPTY_BODY = YES;
				CLANG_WARN_ENUM_CONVERSION = YES;
				CLANG_WARN_INT_CONVERSION = YES;
				CLANG_WARN_OBJC_ROOT_CLASS = YES_ERROR;
				CLANG_WARN_UNREACHABLE_CODE = YES;
				CLANG_WARN__DUPLICATE_METHOD_MATCH = YES;
				COPY_PHASE_STRIP = NO;
				DEBUG_INFORMATION_FORMAT = dwarf;
				ENABLE_STRICT_OBJC_MSGSEND = YES;
				ENABLE_TESTABILITY = YES;
				GCC_C_LANGUAGE_STANDARD = gnu99;
				GCC_DYNAMIC_NO_PIC = NO;
				GCC_NO_COMMON_BLOCKS = YES;
				GCC_OPTIMIZATION_LEVEL = 0;
				GCC_PREPROCESSOR_DEFINITIONS = (
					"DEBUG=1",
					"$(inherited)",
				);
				GCC_WARN_64_TO_32_BIT_CONVERSION = YES;
				GCC_WARN_ABOUT_RETURN_TYPE = YES_ERROR;
				GCC_WARN_UNDECLARED_SELECTOR = YES;
				GCC_WARN_UNINITIALIZED_AUTOS = YES_AGGRESSIVE;
				GCC_WARN_UNUSED_FUNCTION = YES;
				GCC_WARN_UNUSED_VARIABLE = YES;
				MACOSX_DEPLOYMENT_TARGET = 10.11;
				MTL_ENABLE_DEBUG_INFO = YES;
				ONLY_ACTIVE_ARCH = YES;
				SDKROOT = macosx;
			};
			name = Debug;
		};
		37EE87C41C80E60400DD23E1 /* Release */ = {
			isa = XCBuildConfiguration;
			buildSettings = {
				ALWAYS_SEARCH_USER_PATHS = NO;
				CLANG_CXX_LANGUAGE_STANDARD = "gnu++0x";
				CLANG_CXX_LIBRARY = "libc++";
				CLANG_ENABLE_MODULES = YES;
				CLANG_ENABLE_OBJC_ARC = YES;
				CLANG_WARN_BOOL_CONVERSION = YES;
				CLANG_WARN_CONSTANT_CONVERSION = YES;
				CLANG_WARN_DIRECT_OBJC_ISA_USAGE = YES_ERROR;
				CLANG_WARN_EMPTY_BODY = YES;
				CLANG_WARN_ENUM_CONVERSION = YES;
				CLANG_WARN_INT_CONVERSION = YES;
				CLANG_WARN_OBJC_ROOT_CLASS = YES_ERROR;
				CLANG_WARN_UNREACHABLE_CODE = YES;
				CLANG_WARN__DUPLICATE_METHOD_MATCH = YES;
				COPY_PHASE_STRIP = NO;
				DEBUG_INFORMATION_FORMAT = "dwarf-with-dsym";
				ENABLE_NS_ASSERTIONS = NO;
				ENABLE_STRICT_OBJC_MSGSEND = YES;
				GCC_C_LANGUAGE_STANDARD = gnu99;
				GCC_NO_COMMON_BLOCKS = YES;
				GCC_WARN_64_TO_32_BIT_CONVERSION = YES;
				GCC_WARN_ABOUT_RETURN_TYPE = YES_ERROR;
				GCC_WARN_UNDECLARED_SELECTOR = YES;
				GCC_WARN_UNINITIALIZED_AUTOS = YES_AGGRESSIVE;
				GCC_WARN_UNUSED_FUNCTION = YES;
				GCC_WARN_UNUSED_VARIABLE = YES;
				MACOSX_DEPLOYMENT_TARGET = 10.11;
				MTL_ENABLE_DEBUG_INFO = NO;
				SDKROOT = macosx;
			};
			name = Release;
		};
		37EE87C61C80E60400DD23E1 /* Debug */ = {
			isa = XCBuildConfiguration;
			buildSettings = {
				CLANG_CXX_LIBRARY = "libstdc++";
				HEADER_SEARCH_PATHS = /usr/local/include/;
				LIBRARY_SEARCH_PATHS = (
					/usr/local/lib/,
					"$(PROJECT_DIR)",
				);
				OTHER_CPLUSPLUSFLAGS = (
					"$(OTHER_CFLAGS)",
					"-D",
					qDebug,
				);
				OTHER_LDFLAGS = (
					"-L/usr/local/lib/",
					"-lcppunit",
					"-ldl",
				);
				PRODUCT_NAME = "$(TARGET_NAME)";
			};
			name = Debug;
		};
		37EE87C71C80E60400DD23E1 /* Release */ = {
			isa = XCBuildConfiguration;
			buildSettings = {
				CLANG_CXX_LIBRARY = "libstdc++";
				HEADER_SEARCH_PATHS = /usr/local/include/;
				LIBRARY_SEARCH_PATHS = (
					/usr/local/lib/,
					"$(PROJECT_DIR)",
				);
				OTHER_CPLUSPLUSFLAGS = (
					"$(OTHER_CFLAGS)",
					"-D",
					qDebug,
				);
				OTHER_LDFLAGS = (
					"-L/usr/local/lib/",
					"-lcppunit",
					"-ldl",
				);
				PRODUCT_NAME = "$(TARGET_NAME)";
			};
			name = Release;
		};
/* End XCBuildConfiguration section */

/* Begin XCConfigurationList section */
		3738788E1C81519900616A48 /* Build configuration list for PBXNativeTarget "Tests" */ = {
			isa = XCConfigurationList;
			buildConfigurations = (
				3738788F1C81519900616A48 /* Debug */,
				373878901C81519900616A48 /* Release */,
			);
			defaultConfigurationIsVisible = 0;
			defaultConfigurationName = Release;
		};
		37EE87B91C80E60300DD23E1 /* Build configuration list for PBXProject "DSPrac" */ = {
			isa = XCConfigurationList;
			buildConfigurations = (
				37EE87C31C80E60400DD23E1 /* Debug */,
				37EE87C41C80E60400DD23E1 /* Release */,
			);
			defaultConfigurationIsVisible = 0;
			defaultConfigurationName = Release;
		};
		37EE87C51C80E60400DD23E1 /* Build configuration list for PBXNativeTarget "DSPrac" */ = {
			isa = XCConfigurationList;
			buildConfigurations = (
				37EE87C61C80E60400DD23E1 /* Debug */,
				37EE87C71C80E60400DD23E1 /* Release */,
			);
			defaultConfigurationIsVisible = 0;
			defaultConfigurationName = Release;
		};
/* End XCConfigurationList section */
	};
	rootObject = 37EE87B61C80E60300DD23E1 /* Project object */;
}
